// !$*UTF8*$!
{
	archiveVersion = 1;
	classes = {
	};
	objectVersion = 46;
	objects = {

/* Begin PBXBuildFile section */
		2CD395251C44654A0004D6B7 /* MockingjayMatchers.h in Headers */ = {isa = PBXBuildFile; fileRef = 2CD395241C44654A0004D6B7 /* MockingjayMatchers.h */; settings = {ATTRIBUTES = (Public, ); }; };
		2CD3952C1C44654A0004D6B7 /* MockingjayMatchers.framework in Frameworks */ = {isa = PBXBuildFile; fileRef = 2CD395211C44654A0004D6B7 /* MockingjayMatchers.framework */; };
		2CD395311C44654A0004D6B7 /* MockingjayMatchersTests.swift in Sources */ = {isa = PBXBuildFile; fileRef = 2CD395301C44654A0004D6B7 /* MockingjayMatchersTests.swift */; };
		2CD3954A1C4473460004D6B7 /* MockingjayMatchers.framework in Frameworks */ = {isa = PBXBuildFile; fileRef = 2CD395401C4473460004D6B7 /* MockingjayMatchers.framework */; };
		2CD395571C4475F30004D6B7 /* MockingjayMatchers.h in Headers */ = {isa = PBXBuildFile; fileRef = 2CD395241C44654A0004D6B7 /* MockingjayMatchers.h */; settings = {ATTRIBUTES = (Public, ); }; };
		2CD395591C4476000004D6B7 /* MockingjayMatchersTests.swift in Sources */ = {isa = PBXBuildFile; fileRef = 2CD395301C44654A0004D6B7 /* MockingjayMatchersTests.swift */; };
		2CD395601C447B2D0004D6B7 /* Mockingjay.framework in Frameworks */ = {isa = PBXBuildFile; fileRef = 2CD3955F1C447B2D0004D6B7 /* Mockingjay.framework */; };
		2CD395611C447B3C0004D6B7 /* Mockingjay.framework in Frameworks */ = {isa = PBXBuildFile; fileRef = 2CD3955F1C447B2D0004D6B7 /* Mockingjay.framework */; };
/* End PBXBuildFile section */

/* Begin PBXContainerItemProxy section */
		2CD3952D1C44654A0004D6B7 /* PBXContainerItemProxy */ = {
			isa = PBXContainerItemProxy;
			containerPortal = 2CD395181C44654A0004D6B7 /* Project object */;
			proxyType = 1;
			remoteGlobalIDString = 2CD395201C44654A0004D6B7;
			remoteInfo = MockingjayMatchers;
		};
		2CD3954B1C4473460004D6B7 /* PBXContainerItemProxy */ = {
			isa = PBXContainerItemProxy;
			containerPortal = 2CD395181C44654A0004D6B7 /* Project object */;
			proxyType = 1;
			remoteGlobalIDString = 2CD3953F1C4473460004D6B7;
			remoteInfo = MockingjayMatchers;
		};
/* End PBXContainerItemProxy section */

/* Begin PBXFileReference section */
		2CD395211C44654A0004D6B7 /* MockingjayMatchers.framework */ = {isa = PBXFileReference; explicitFileType = wrapper.framework; includeInIndex = 0; path = MockingjayMatchers.framework; sourceTree = BUILT_PRODUCTS_DIR; };
		2CD395241C44654A0004D6B7 /* MockingjayMatchers.h */ = {isa = PBXFileReference; lastKnownFileType = sourcecode.c.h; path = MockingjayMatchers.h; sourceTree = "<group>"; };
		2CD395261C44654A0004D6B7 /* Info.plist */ = {isa = PBXFileReference; lastKnownFileType = text.plist.xml; path = Info.plist; sourceTree = "<group>"; };
		2CD3952B1C44654A0004D6B7 /* MockingjayMatchersTests-Mac.xctest */ = {isa = PBXFileReference; explicitFileType = wrapper.cfbundle; includeInIndex = 0; path = "MockingjayMatchersTests-Mac.xctest"; sourceTree = BUILT_PRODUCTS_DIR; };
		2CD395301C44654A0004D6B7 /* MockingjayMatchersTests.swift */ = {isa = PBXFileReference; lastKnownFileType = sourcecode.swift; path = MockingjayMatchersTests.swift; sourceTree = "<group>"; };
		2CD395321C44654A0004D6B7 /* Info.plist */ = {isa = PBXFileReference; lastKnownFileType = text.plist.xml; path = Info.plist; sourceTree = "<group>"; };
		2CD395401C4473460004D6B7 /* MockingjayMatchers.framework */ = {isa = PBXFileReference; explicitFileType = wrapper.framework; includeInIndex = 0; path = MockingjayMatchers.framework; sourceTree = BUILT_PRODUCTS_DIR; };
		2CD395491C4473460004D6B7 /* MockingjayMatchersTests-iOS.xctest */ = {isa = PBXFileReference; explicitFileType = wrapper.cfbundle; includeInIndex = 0; path = "MockingjayMatchersTests-iOS.xctest"; sourceTree = BUILT_PRODUCTS_DIR; };
		2CD3955F1C447B2D0004D6B7 /* Mockingjay.framework */ = {isa = PBXFileReference; lastKnownFileType = wrapper.framework; path = Mockingjay.framework; sourceTree = BUILT_PRODUCTS_DIR; };
/* End PBXFileReference section */

/* Begin PBXFrameworksBuildPhase section */
		2CD3951D1C44654A0004D6B7 /* Frameworks */ = {
			isa = PBXFrameworksBuildPhase;
			buildActionMask = 2147483647;
			files = (
				2CD395601C447B2D0004D6B7 /* Mockingjay.framework in Frameworks */,
			);
			runOnlyForDeploymentPostprocessing = 0;
		};
		2CD395281C44654A0004D6B7 /* Frameworks */ = {
			isa = PBXFrameworksBuildPhase;
			buildActionMask = 2147483647;
			files = (
				2CD3952C1C44654A0004D6B7 /* MockingjayMatchers.framework in Frameworks */,
			);
			runOnlyForDeploymentPostprocessing = 0;
		};
		2CD3953C1C4473460004D6B7 /* Frameworks */ = {
			isa = PBXFrameworksBuildPhase;
			buildActionMask = 2147483647;
			files = (
				2CD395611C447B3C0004D6B7 /* Mockingjay.framework in Frameworks */,
			);
			runOnlyForDeploymentPostprocessing = 0;
		};
		2CD395461C4473460004D6B7 /* Frameworks */ = {
			isa = PBXFrameworksBuildPhase;
			buildActionMask = 2147483647;
			files = (
				2CD3954A1C4473460004D6B7 /* MockingjayMatchers.framework in Frameworks */,
			);
			runOnlyForDeploymentPostprocessing = 0;
		};
/* End PBXFrameworksBuildPhase section */

/* Begin PBXGroup section */
		2CD395171C44654A0004D6B7 = {
			isa = PBXGroup;
			children = (
				2CD395231C44654A0004D6B7 /* MockingjayMatchers */,
				2CD3952F1C44654A0004D6B7 /* MockingjayMatchersTests */,
				2CD395221C44654A0004D6B7 /* Products */,
			);
			sourceTree = "<group>";
		};
		2CD395221C44654A0004D6B7 /* Products */ = {
			isa = PBXGroup;
			children = (
				2CD395211C44654A0004D6B7 /* MockingjayMatchers.framework */,
				2CD3952B1C44654A0004D6B7 /* MockingjayMatchersTests-Mac.xctest */,
				2CD395401C4473460004D6B7 /* MockingjayMatchers.framework */,
				2CD395491C4473460004D6B7 /* MockingjayMatchersTests-iOS.xctest */,
			);
			name = Products;
			sourceTree = "<group>";
		};
		2CD395231C44654A0004D6B7 /* MockingjayMatchers */ = {
			isa = PBXGroup;
			children = (
				2CD395241C44654A0004D6B7 /* MockingjayMatchers.h */,
				2CD395261C44654A0004D6B7 /* Info.plist */,
				2CD3955F1C447B2D0004D6B7 /* Mockingjay.framework */,
			);
			path = MockingjayMatchers;
			sourceTree = "<group>";
		};
		2CD3952F1C44654A0004D6B7 /* MockingjayMatchersTests */ = {
			isa = PBXGroup;
			children = (
				2CD395301C44654A0004D6B7 /* MockingjayMatchersTests.swift */,
				2CD395321C44654A0004D6B7 /* Info.plist */,
			);
			path = MockingjayMatchersTests;
			sourceTree = "<group>";
		};
/* End PBXGroup section */

/* Begin PBXHeadersBuildPhase section */
		2CD3951E1C44654A0004D6B7 /* Headers */ = {
			isa = PBXHeadersBuildPhase;
			buildActionMask = 2147483647;
			files = (
				2CD395251C44654A0004D6B7 /* MockingjayMatchers.h in Headers */,
			);
			runOnlyForDeploymentPostprocessing = 0;
		};
		2CD3953D1C4473460004D6B7 /* Headers */ = {
			isa = PBXHeadersBuildPhase;
			buildActionMask = 2147483647;
			files = (
				2CD395571C4475F30004D6B7 /* MockingjayMatchers.h in Headers */,
			);
			runOnlyForDeploymentPostprocessing = 0;
		};
/* End PBXHeadersBuildPhase section */

/* Begin PBXNativeTarget section */
		2CD395201C44654A0004D6B7 /* MockingjayMatchers-Mac */ = {
			isa = PBXNativeTarget;
			buildConfigurationList = 2CD395351C44654A0004D6B7 /* Build configuration list for PBXNativeTarget "MockingjayMatchers-Mac" */;
			buildPhases = (
				2CD3951C1C44654A0004D6B7 /* Sources */,
				2CD3951D1C44654A0004D6B7 /* Frameworks */,
				2CD3951E1C44654A0004D6B7 /* Headers */,
				2CD3951F1C44654A0004D6B7 /* Resources */,
			);
			buildRules = (
			);
			dependencies = (
			);
			name = "MockingjayMatchers-Mac";
			productName = MockingjayMatchers;
			productReference = 2CD395211C44654A0004D6B7 /* MockingjayMatchers.framework */;
			productType = "com.apple.product-type.framework";
		};
		2CD3952A1C44654A0004D6B7 /* MockingjayMatchersTests-Mac */ = {
			isa = PBXNativeTarget;
			buildConfigurationList = 2CD395381C44654A0004D6B7 /* Build configuration list for PBXNativeTarget "MockingjayMatchersTests-Mac" */;
			buildPhases = (
				2CD395271C44654A0004D6B7 /* Sources */,
				2CD395281C44654A0004D6B7 /* Frameworks */,
				2CD395291C44654A0004D6B7 /* Resources */,
			);
			buildRules = (
			);
			dependencies = (
				2CD3952E1C44654A0004D6B7 /* PBXTargetDependency */,
			);
			name = "MockingjayMatchersTests-Mac";
			productName = MockingjayMatchersTests;
			productReference = 2CD3952B1C44654A0004D6B7 /* MockingjayMatchersTests-Mac.xctest */;
			productType = "com.apple.product-type.bundle.unit-test";
		};
		2CD3953F1C4473460004D6B7 /* MockingjayMatchers-iOS */ = {
			isa = PBXNativeTarget;
			buildConfigurationList = 2CD395511C4473460004D6B7 /* Build configuration list for PBXNativeTarget "MockingjayMatchers-iOS" */;
			buildPhases = (
				2CD3953B1C4473460004D6B7 /* Sources */,
				2CD3953C1C4473460004D6B7 /* Frameworks */,
				2CD3953D1C4473460004D6B7 /* Headers */,
				2CD3953E1C4473460004D6B7 /* Resources */,
			);
			buildRules = (
			);
			dependencies = (
			);
			name = "MockingjayMatchers-iOS";
			productName = MockingjayMatchers;
			productReference = 2CD395401C4473460004D6B7 /* MockingjayMatchers.framework */;
			productType = "com.apple.product-type.framework";
		};
		2CD395481C4473460004D6B7 /* MockingjayMatchersTests-iOS */ = {
			isa = PBXNativeTarget;
			buildConfigurationList = 2CD395541C4473460004D6B7 /* Build configuration list for PBXNativeTarget "MockingjayMatchersTests-iOS" */;
			buildPhases = (
				2CD395451C4473460004D6B7 /* Sources */,
				2CD395461C4473460004D6B7 /* Frameworks */,
				2CD395471C4473460004D6B7 /* Resources */,
			);
			buildRules = (
			);
			dependencies = (
				2CD3954C1C4473460004D6B7 /* PBXTargetDependency */,
			);
			name = "MockingjayMatchersTests-iOS";
			productName = MockingjayMatchersTests;
			productReference = 2CD395491C4473460004D6B7 /* MockingjayMatchersTests-iOS.xctest */;
			productType = "com.apple.product-type.bundle.unit-test";
		};
/* End PBXNativeTarget section */

/* Begin PBXProject section */
		2CD395181C44654A0004D6B7 /* Project object */ = {
			isa = PBXProject;
			attributes = {
				LastSwiftUpdateCheck = 0720;
				LastUpgradeCheck = 0720;
				ORGANIZATIONNAME = "The Grid";
				TargetAttributes = {
					2CD395201C44654A0004D6B7 = {
						CreatedOnToolsVersion = 7.2;
					};
					2CD3952A1C44654A0004D6B7 = {
						CreatedOnToolsVersion = 7.2;
					};
					2CD3953F1C4473460004D6B7 = {
						CreatedOnToolsVersion = 7.2;
					};
					2CD395481C4473460004D6B7 = {
						CreatedOnToolsVersion = 7.2;
					};
				};
			};
			buildConfigurationList = 2CD3951B1C44654A0004D6B7 /* Build configuration list for PBXProject "MockingjayMatchers" */;
			compatibilityVersion = "Xcode 3.2";
			developmentRegion = English;
			hasScannedForEncodings = 0;
			knownRegions = (
				en,
			);
			mainGroup = 2CD395171C44654A0004D6B7;
			productRefGroup = 2CD395221C44654A0004D6B7 /* Products */;
			projectDirPath = "";
			projectRoot = "";
			targets = (
				2CD3953F1C4473460004D6B7 /* MockingjayMatchers-iOS */,
				2CD395481C4473460004D6B7 /* MockingjayMatchersTests-iOS */,
				2CD395201C44654A0004D6B7 /* MockingjayMatchers-Mac */,
				2CD3952A1C44654A0004D6B7 /* MockingjayMatchersTests-Mac */,
			);
		};
/* End PBXProject section */

/* Begin PBXResourcesBuildPhase section */
		2CD3951F1C44654A0004D6B7 /* Resources */ = {
			isa = PBXResourcesBuildPhase;
			buildActionMask = 2147483647;
			files = (
			);
			runOnlyForDeploymentPostprocessing = 0;
		};
		2CD395291C44654A0004D6B7 /* Resources */ = {
			isa = PBXResourcesBuildPhase;
			buildActionMask = 2147483647;
			files = (
			);
			runOnlyForDeploymentPostprocessing = 0;
		};
		2CD3953E1C4473460004D6B7 /* Resources */ = {
			isa = PBXResourcesBuildPhase;
			buildActionMask = 2147483647;
			files = (
			);
			runOnlyForDeploymentPostprocessing = 0;
		};
		2CD395471C4473460004D6B7 /* Resources */ = {
			isa = PBXResourcesBuildPhase;
			buildActionMask = 2147483647;
			files = (
			);
			runOnlyForDeploymentPostprocessing = 0;
		};
/* End PBXResourcesBuildPhase section */

/* Begin PBXSourcesBuildPhase section */
		2CD3951C1C44654A0004D6B7 /* Sources */ = {
			isa = PBXSourcesBuildPhase;
			buildActionMask = 2147483647;
			files = (
			);
			runOnlyForDeploymentPostprocessing = 0;
		};
		2CD395271C44654A0004D6B7 /* Sources */ = {
			isa = PBXSourcesBuildPhase;
			buildActionMask = 2147483647;
			files = (
				2CD395311C44654A0004D6B7 /* MockingjayMatchersTests.swift in Sources */,
			);
			runOnlyForDeploymentPostprocessing = 0;
		};
		2CD3953B1C4473460004D6B7 /* Sources */ = {
			isa = PBXSourcesBuildPhase;
			buildActionMask = 2147483647;
			files = (
			);
			runOnlyForDeploymentPostprocessing = 0;
		};
		2CD395451C4473460004D6B7 /* Sources */ = {
			isa = PBXSourcesBuildPhase;
			buildActionMask = 2147483647;
			files = (
				2CD395591C4476000004D6B7 /* MockingjayMatchersTests.swift in Sources */,
			);
			runOnlyForDeploymentPostprocessing = 0;
		};
/* End PBXSourcesBuildPhase section */

/* Begin PBXTargetDependency section */
		2CD3952E1C44654A0004D6B7 /* PBXTargetDependency */ = {
			isa = PBXTargetDependency;
			target = 2CD395201C44654A0004D6B7 /* MockingjayMatchers-Mac */;
			targetProxy = 2CD3952D1C44654A0004D6B7 /* PBXContainerItemProxy */;
		};
		2CD3954C1C4473460004D6B7 /* PBXTargetDependency */ = {
			isa = PBXTargetDependency;
			target = 2CD3953F1C4473460004D6B7 /* MockingjayMatchers-iOS */;
			targetProxy = 2CD3954B1C4473460004D6B7 /* PBXContainerItemProxy */;
		};
/* End PBXTargetDependency section */

/* Begin XCBuildConfiguration section */
		2CD395331C44654A0004D6B7 /* Debug */ = {
			isa = XCBuildConfiguration;
			buildSettings = {
				ALWAYS_SEARCH_USER_PATHS = NO;
				CLANG_CXX_LANGUAGE_STANDARD = "gnu++0x";
				CLANG_CXX_LIBRARY = "libc++";
				CLANG_ENABLE_MODULES = YES;
				CLANG_ENABLE_OBJC_ARC = YES;
				CLANG_WARN_BOOL_CONVERSION = YES;
				CLANG_WARN_CONSTANT_CONVERSION = YES;
				CLANG_WARN_DIRECT_OBJC_ISA_USAGE = YES_ERROR;
				CLANG_WARN_EMPTY_BODY = YES;
				CLANG_WARN_ENUM_CONVERSION = YES;
				CLANG_WARN_INT_CONVERSION = YES;
				CLANG_WARN_OBJC_ROOT_CLASS = YES_ERROR;
				CLANG_WARN_UNREACHABLE_CODE = YES;
				CLANG_WARN__DUPLICATE_METHOD_MATCH = YES;
				CODE_SIGN_IDENTITY = "-";
				COPY_PHASE_STRIP = NO;
				CURRENT_PROJECT_VERSION = 1;
				DEBUG_INFORMATION_FORMAT = dwarf;
				ENABLE_STRICT_OBJC_MSGSEND = YES;
				ENABLE_TESTABILITY = YES;
				GCC_C_LANGUAGE_STANDARD = gnu99;
				GCC_DYNAMIC_NO_PIC = NO;
				GCC_NO_COMMON_BLOCKS = YES;
				GCC_OPTIMIZATION_LEVEL = 0;
				GCC_PREPROCESSOR_DEFINITIONS = (
					"DEBUG=1",
					"$(inherited)",
				);
				GCC_WARN_64_TO_32_BIT_CONVERSION = YES;
				GCC_WARN_ABOUT_RETURN_TYPE = YES_ERROR;
				GCC_WARN_UNDECLARED_SELECTOR = YES;
				GCC_WARN_UNINITIALIZED_AUTOS = YES_AGGRESSIVE;
				GCC_WARN_UNUSED_FUNCTION = YES;
				GCC_WARN_UNUSED_VARIABLE = YES;
				MACOSX_DEPLOYMENT_TARGET = 10.11;
				MTL_ENABLE_DEBUG_INFO = YES;
				ONLY_ACTIVE_ARCH = YES;
				SDKROOT = macosx;
				SWIFT_OPTIMIZATION_LEVEL = "-Onone";
				VERSIONING_SYSTEM = "apple-generic";
				VERSION_INFO_PREFIX = "";
			};
			name = Debug;
		};
		2CD395341C44654A0004D6B7 /* Release */ = {
			isa = XCBuildConfiguration;
			buildSettings = {
				ALWAYS_SEARCH_USER_PATHS = NO;
				CLANG_CXX_LANGUAGE_STANDARD = "gnu++0x";
				CLANG_CXX_LIBRARY = "libc++";
				CLANG_ENABLE_MODULES = YES;
				CLANG_ENABLE_OBJC_ARC = YES;
				CLANG_WARN_BOOL_CONVERSION = YES;
				CLANG_WARN_CONSTANT_CONVERSION = YES;
				CLANG_WARN_DIRECT_OBJC_ISA_USAGE = YES_ERROR;
				CLANG_WARN_EMPTY_BODY = YES;
				CLANG_WARN_ENUM_CONVERSION = YES;
				CLANG_WARN_INT_CONVERSION = YES;
				CLANG_WARN_OBJC_ROOT_CLASS = YES_ERROR;
				CLANG_WARN_UNREACHABLE_CODE = YES;
				CLANG_WARN__DUPLICATE_METHOD_MATCH = YES;
				CODE_SIGN_IDENTITY = "-";
				COPY_PHASE_STRIP = NO;
				CURRENT_PROJECT_VERSION = 1;
				DEBUG_INFORMATION_FORMAT = "dwarf-with-dsym";
				ENABLE_NS_ASSERTIONS = NO;
				ENABLE_STRICT_OBJC_MSGSEND = YES;
				GCC_C_LANGUAGE_STANDARD = gnu99;
				GCC_NO_COMMON_BLOCKS = YES;
				GCC_WARN_64_TO_32_BIT_CONVERSION = YES;
				GCC_WARN_ABOUT_RETURN_TYPE = YES_ERROR;
				GCC_WARN_UNDECLARED_SELECTOR = YES;
				GCC_WARN_UNINITIALIZED_AUTOS = YES_AGGRESSIVE;
				GCC_WARN_UNUSED_FUNCTION = YES;
				GCC_WARN_UNUSED_VARIABLE = YES;
				MACOSX_DEPLOYMENT_TARGET = 10.11;
				MTL_ENABLE_DEBUG_INFO = NO;
				SDKROOT = macosx;
				VERSIONING_SYSTEM = "apple-generic";
				VERSION_INFO_PREFIX = "";
			};
			name = Release;
		};
		2CD395361C44654A0004D6B7 /* Debug */ = {
			isa = XCBuildConfiguration;
			buildSettings = {
				COMBINE_HIDPI_IMAGES = YES;
				DEFINES_MODULE = YES;
				DYLIB_COMPATIBILITY_VERSION = 1;
				DYLIB_CURRENT_VERSION = 1;
				DYLIB_INSTALL_NAME_BASE = "@rpath";
				FRAMEWORK_VERSION = A;
				INFOPLIST_FILE = MockingjayMatchers/Info.plist;
				INSTALL_PATH = "$(LOCAL_LIBRARY_DIR)/Frameworks";
				LD_RUNPATH_SEARCH_PATHS = "$(inherited) @executable_path/../Frameworks @loader_path/Frameworks";
				MACOSX_DEPLOYMENT_TARGET = 10.9;
				PRODUCT_BUNDLE_IDENTIFIER = io.thegrid.MockingjayMatchers;
				PRODUCT_NAME = MockingjayMatchers;
				SKIP_INSTALL = YES;
			};
			name = Debug;
		};
		2CD395371C44654A0004D6B7 /* Release */ = {
			isa = XCBuildConfiguration;
			buildSettings = {
				COMBINE_HIDPI_IMAGES = YES;
				DEFINES_MODULE = YES;
				DYLIB_COMPATIBILITY_VERSION = 1;
				DYLIB_CURRENT_VERSION = 1;
				DYLIB_INSTALL_NAME_BASE = "@rpath";
				FRAMEWORK_VERSION = A;
				INFOPLIST_FILE = MockingjayMatchers/Info.plist;
				INSTALL_PATH = "$(LOCAL_LIBRARY_DIR)/Frameworks";
				LD_RUNPATH_SEARCH_PATHS = "$(inherited) @executable_path/../Frameworks @loader_path/Frameworks";
				MACOSX_DEPLOYMENT_TARGET = 10.9;
				PRODUCT_BUNDLE_IDENTIFIER = io.thegrid.MockingjayMatchers;
				PRODUCT_NAME = MockingjayMatchers;
				SKIP_INSTALL = YES;
			};
			name = Release;
		};
		2CD395391C44654A0004D6B7 /* Debug */ = {
			isa = XCBuildConfiguration;
			buildSettings = {
				COMBINE_HIDPI_IMAGES = YES;
				INFOPLIST_FILE = MockingjayMatchersTests/Info.plist;
				LD_RUNPATH_SEARCH_PATHS = "$(inherited) @executable_path/../Frameworks @loader_path/../Frameworks";
				PRODUCT_BUNDLE_IDENTIFIER = io.thegrid.MockingjayMatchersTests;
				PRODUCT_NAME = "$(TARGET_NAME)";
			};
			name = Debug;
		};
		2CD3953A1C44654A0004D6B7 /* Release */ = {
			isa = XCBuildConfiguration;
			buildSettings = {
				COMBINE_HIDPI_IMAGES = YES;
				INFOPLIST_FILE = MockingjayMatchersTests/Info.plist;
				LD_RUNPATH_SEARCH_PATHS = "$(inherited) @executable_path/../Frameworks @loader_path/../Frameworks";
				PRODUCT_BUNDLE_IDENTIFIER = io.thegrid.MockingjayMatchersTests;
				PRODUCT_NAME = "$(TARGET_NAME)";
			};
			name = Release;
		};
		2CD395521C4473460004D6B7 /* Debug */ = {
			isa = XCBuildConfiguration;
			buildSettings = {
				"CODE_SIGN_IDENTITY[sdk=iphoneos*]" = "iPhone Developer";
				DEFINES_MODULE = YES;
				DYLIB_COMPATIBILITY_VERSION = 1;
				DYLIB_CURRENT_VERSION = 1;
				DYLIB_INSTALL_NAME_BASE = "@rpath";
				INFOPLIST_FILE = MockingjayMatchers/Info.plist;
				INSTALL_PATH = "$(LOCAL_LIBRARY_DIR)/Frameworks";
				IPHONEOS_DEPLOYMENT_TARGET = 8.0;
				LD_RUNPATH_SEARCH_PATHS = "$(inherited) @executable_path/Frameworks @loader_path/Frameworks";
				PRODUCT_BUNDLE_IDENTIFIER = io.thegrid.MockingjayMatchers;
				PRODUCT_NAME = MockingjayMatchers;
				SDKROOT = iphoneos;
				SKIP_INSTALL = YES;
				TARGETED_DEVICE_FAMILY = "1,2";
			};
			name = Debug;
		};
		2CD395531C4473460004D6B7 /* Release */ = {
			isa = XCBuildConfiguration;
			buildSettings = {
				"CODE_SIGN_IDENTITY[sdk=iphoneos*]" = "iPhone Developer";
				DEFINES_MODULE = YES;
				DYLIB_COMPATIBILITY_VERSION = 1;
				DYLIB_CURRENT_VERSION = 1;
				DYLIB_INSTALL_NAME_BASE = "@rpath";
				INFOPLIST_FILE = MockingjayMatchers/Info.plist;
				INSTALL_PATH = "$(LOCAL_LIBRARY_DIR)/Frameworks";
				IPHONEOS_DEPLOYMENT_TARGET = 8.0;
				LD_RUNPATH_SEARCH_PATHS = "$(inherited) @executable_path/Frameworks @loader_path/Frameworks";
				PRODUCT_BUNDLE_IDENTIFIER = io.thegrid.MockingjayMatchers;
				PRODUCT_NAME = MockingjayMatchers;
				SDKROOT = iphoneos;
				SKIP_INSTALL = YES;
				TARGETED_DEVICE_FAMILY = "1,2";
				VALIDATE_PRODUCT = YES;
			};
			name = Release;
		};
		2CD395551C4473460004D6B7 /* Debug */ = {
			isa = XCBuildConfiguration;
			buildSettings = {
				"CODE_SIGN_IDENTITY[sdk=iphoneos*]" = "iPhone Developer";
				INFOPLIST_FILE = MockingjayMatchersTests/Info.plist;
				IPHONEOS_DEPLOYMENT_TARGET = 9.2;
				LD_RUNPATH_SEARCH_PATHS = "$(inherited) @executable_path/Frameworks @loader_path/Frameworks";
				PRODUCT_BUNDLE_IDENTIFIER = io.thegrid.MockingjayMatchersTests;
				PRODUCT_NAME = "$(TARGET_NAME)";
				SDKROOT = iphoneos;
			};
			name = Debug;
		};
		2CD395561C4473460004D6B7 /* Release */ = {
			isa = XCBuildConfiguration;
			buildSettings = {
				"CODE_SIGN_IDENTITY[sdk=iphoneos*]" = "iPhone Developer";
				INFOPLIST_FILE = MockingjayMatchersTests/Info.plist;
				IPHONEOS_DEPLOYMENT_TARGET = 9.2;
				LD_RUNPATH_SEARCH_PATHS = "$(inherited) @executable_path/Frameworks @loader_path/Frameworks";
				PRODUCT_BUNDLE_IDENTIFIER = io.thegrid.MockingjayMatchersTests;
				PRODUCT_NAME = "$(TARGET_NAME)";
				SDKROOT = iphoneos;
				VALIDATE_PRODUCT = YES;
			};
			name = Release;
		};
/* End XCBuildConfiguration section */

/* Begin XCConfigurationList section */
		2CD3951B1C44654A0004D6B7 /* Build configuration list for PBXProject "MockingjayMatchers" */ = {
			isa = XCConfigurationList;
			buildConfigurations = (
				2CD395331C44654A0004D6B7 /* Debug */,
				2CD395341C44654A0004D6B7 /* Release */,
			);
			defaultConfigurationIsVisible = 0;
			defaultConfigurationName = Release;
		};
		2CD395351C44654A0004D6B7 /* Build configuration list for PBXNativeTarget "MockingjayMatchers-Mac" */ = {
			isa = XCConfigurationList;
			buildConfigurations = (
				2CD395361C44654A0004D6B7 /* Debug */,
				2CD395371C44654A0004D6B7 /* Release */,
			);
			defaultConfigurationIsVisible = 0;
		};
		2CD395381C44654A0004D6B7 /* Build configuration list for PBXNativeTarget "MockingjayMatchersTests-Mac" */ = {
			isa = XCConfigurationList;
			buildConfigurations = (
				2CD395391C44654A0004D6B7 /* Debug */,
				2CD3953A1C44654A0004D6B7 /* Release */,
			);
			defaultConfigurationIsVisible = 0;
		};
		2CD395511C4473460004D6B7 /* Build configuration list for PBXNativeTarget "MockingjayMatchers-iOS" */ = {
			isa = XCConfigurationList;
			buildConfigurations = (
				2CD395521C4473460004D6B7 /* Debug */,
				2CD395531C4473460004D6B7 /* Release */,
			);
			defaultConfigurationIsVisible = 0;
		};
		2CD395541C4473460004D6B7 /* Build configuration list for PBXNativeTarget "MockingjayMatchersTests-iOS" */ = {
			isa = XCConfigurationList;
			buildConfigurations = (
				2CD395551C4473460004D6B7 /* Debug */,
				2CD395561C4473460004D6B7 /* Release */,
			);
			defaultConfigurationIsVisible = 0;
		};
/* End XCConfigurationList section */
	};
	rootObject = 2CD395181C44654A0004D6B7 /* Project object */;
}
